// !$*UTF8*$!
{
	archiveVersion = 1;
	classes = {
	};
	objectVersion = 50;
	objects = {

/* Begin PBXBuildFile section */
		F65C148722AE2E8B000623CE /* LoadingView.swift in Sources */ = {isa = PBXBuildFile; fileRef = F65C148622AE2E8B000623CE /* LoadingView.swift */; };
		F6A186DF2314025900CA0DBF /* View+Additions.swift in Sources */ = {isa = PBXBuildFile; fileRef = F6A186DE2314025900CA0DBF /* View+Additions.swift */; };
		F6A186E2231404C300CA0DBF /* CircleIconButton.swift in Sources */ = {isa = PBXBuildFile; fileRef = F6A186E1231404C300CA0DBF /* CircleIconButton.swift */; };
		F6A186E4231408B800CA0DBF /* UserDefaultPropertyWrapper.swift in Sources */ = {isa = PBXBuildFile; fileRef = F6A186E3231408B800CA0DBF /* UserDefaultPropertyWrapper.swift */; };
		F6C7628022AD8FD800A13E0E /* AppDelegate.swift in Sources */ = {isa = PBXBuildFile; fileRef = F6C7627F22AD8FD800A13E0E /* AppDelegate.swift */; };
		F6C7628222AD8FD800A13E0E /* SceneDelegate.swift in Sources */ = {isa = PBXBuildFile; fileRef = F6C7628122AD8FD800A13E0E /* SceneDelegate.swift */; };
		F6C7628622AD8FD800A13E0E /* Assets.xcassets in Resources */ = {isa = PBXBuildFile; fileRef = F6C7628522AD8FD800A13E0E /* Assets.xcassets */; };
		F6C7628922AD8FD900A13E0E /* Preview Assets.xcassets in Resources */ = {isa = PBXBuildFile; fileRef = F6C7628822AD8FD900A13E0E /* Preview Assets.xcassets */; };
		F6C7628C22AD8FD900A13E0E /* LaunchScreen.storyboard in Resources */ = {isa = PBXBuildFile; fileRef = F6C7628A22AD8FD900A13E0E /* LaunchScreen.storyboard */; };
		F6C7629A22AD908C00A13E0E /* Episode.swift in Sources */ = {isa = PBXBuildFile; fileRef = F6C7629722AD908B00A13E0E /* Episode.swift */; };
		F6C7629C22AD908C00A13E0E /* Show.swift in Sources */ = {isa = PBXBuildFile; fileRef = F6C7629922AD908B00A13E0E /* Show.swift */; };
		F6C762A522AD909900A13E0E /* shows.json in Resources */ = {isa = PBXBuildFile; fileRef = F6C7629F22AD909800A13E0E /* shows.json */; };
		F6C762A722AD909900A13E0E /* ShowsModel.swift in Sources */ = {isa = PBXBuildFile; fileRef = F6C762A222AD909800A13E0E /* ShowsModel.swift */; };
		F6C762AC22AD90B200A13E0E /* ShowsList.swift in Sources */ = {isa = PBXBuildFile; fileRef = F6C762A922AD90B100A13E0E /* ShowsList.swift */; };
		F6C762AD22AD90B200A13E0E /* EpisodeList.swift in Sources */ = {isa = PBXBuildFile; fileRef = F6C762AA22AD90B100A13E0E /* EpisodeList.swift */; };
		F6C762AE22AD90B200A13E0E /* EpisodeSummaryView.swift in Sources */ = {isa = PBXBuildFile; fileRef = F6C762AB22AD90B100A13E0E /* EpisodeSummaryView.swift */; };
		F6C762B322ADE89900A13E0E /* ShowDetail.swift in Sources */ = {isa = PBXBuildFile; fileRef = F6C762B222ADE89900A13E0E /* ShowDetail.swift */; };
		F6C762B522ADEADB00A13E0E /* FavoritesModel.swift in Sources */ = {isa = PBXBuildFile; fileRef = F6C762B422ADEADB00A13E0E /* FavoritesModel.swift */; };
/* End PBXBuildFile section */

/* Begin PBXFileReference section */
		F65C148622AE2E8B000623CE /* LoadingView.swift */ = {isa = PBXFileReference; lastKnownFileType = sourcecode.swift; path = LoadingView.swift; sourceTree = "<group>"; };
		F69A3A8422B15119003F84FA /* README.md */ = {isa = PBXFileReference; lastKnownFileType = net.daringfireball.markdown; path = README.md; sourceTree = "<group>"; };
		F6A186DE2314025900CA0DBF /* View+Additions.swift */ = {isa = PBXFileReference; lastKnownFileType = sourcecode.swift; path = "View+Additions.swift"; sourceTree = "<group>"; };
		F6A186E1231404C300CA0DBF /* CircleIconButton.swift */ = {isa = PBXFileReference; lastKnownFileType = sourcecode.swift; path = CircleIconButton.swift; sourceTree = "<group>"; };
		F6A186E3231408B800CA0DBF /* UserDefaultPropertyWrapper.swift */ = {isa = PBXFileReference; lastKnownFileType = sourcecode.swift; path = UserDefaultPropertyWrapper.swift; sourceTree = "<group>"; };
		F6C7627C22AD8FD800A13E0E /* SwiftyVistas.app */ = {isa = PBXFileReference; explicitFileType = wrapper.application; includeInIndex = 0; path = SwiftyVistas.app; sourceTree = BUILT_PRODUCTS_DIR; };
		F6C7627F22AD8FD800A13E0E /* AppDelegate.swift */ = {isa = PBXFileReference; lastKnownFileType = sourcecode.swift; path = AppDelegate.swift; sourceTree = "<group>"; };
		F6C7628122AD8FD800A13E0E /* SceneDelegate.swift */ = {isa = PBXFileReference; lastKnownFileType = sourcecode.swift; path = SceneDelegate.swift; sourceTree = "<group>"; };
		F6C7628522AD8FD800A13E0E /* Assets.xcassets */ = {isa = PBXFileReference; lastKnownFileType = folder.assetcatalog; path = Assets.xcassets; sourceTree = "<group>"; };
		F6C7628822AD8FD900A13E0E /* Preview Assets.xcassets */ = {isa = PBXFileReference; lastKnownFileType = folder.assetcatalog; path = "Preview Assets.xcassets"; sourceTree = "<group>"; };
		F6C7628B22AD8FD900A13E0E /* Base */ = {isa = PBXFileReference; lastKnownFileType = file.storyboard; name = Base; path = Base.lproj/LaunchScreen.storyboard; sourceTree = "<group>"; };
		F6C7628D22AD8FD900A13E0E /* Info.plist */ = {isa = PBXFileReference; lastKnownFileType = text.plist.xml; path = Info.plist; sourceTree = "<group>"; };
		F6C7629722AD908B00A13E0E /* Episode.swift */ = {isa = PBXFileReference; fileEncoding = 4; lastKnownFileType = sourcecode.swift; path = Episode.swift; sourceTree = "<group>"; };
		F6C7629922AD908B00A13E0E /* Show.swift */ = {isa = PBXFileReference; fileEncoding = 4; lastKnownFileType = sourcecode.swift; path = Show.swift; sourceTree = "<group>"; };
		F6C7629F22AD909800A13E0E /* shows.json */ = {isa = PBXFileReference; fileEncoding = 4; lastKnownFileType = text.json; path = shows.json; sourceTree = "<group>"; };
		F6C762A222AD909800A13E0E /* ShowsModel.swift */ = {isa = PBXFileReference; fileEncoding = 4; lastKnownFileType = sourcecode.swift; path = ShowsModel.swift; sourceTree = "<group>"; };
		F6C762A922AD90B100A13E0E /* ShowsList.swift */ = {isa = PBXFileReference; fileEncoding = 4; lastKnownFileType = sourcecode.swift; path = ShowsList.swift; sourceTree = "<group>"; };
		F6C762AA22AD90B100A13E0E /* EpisodeList.swift */ = {isa = PBXFileReference; fileEncoding = 4; lastKnownFileType = sourcecode.swift; path = EpisodeList.swift; sourceTree = "<group>"; };
		F6C762AB22AD90B100A13E0E /* EpisodeSummaryView.swift */ = {isa = PBXFileReference; fileEncoding = 4; lastKnownFileType = sourcecode.swift; path = EpisodeSummaryView.swift; sourceTree = "<group>"; };
		F6C762B222ADE89900A13E0E /* ShowDetail.swift */ = {isa = PBXFileReference; lastKnownFileType = sourcecode.swift; path = ShowDetail.swift; sourceTree = "<group>"; };
		F6C762B422ADEADB00A13E0E /* FavoritesModel.swift */ = {isa = PBXFileReference; lastKnownFileType = sourcecode.swift; path = FavoritesModel.swift; sourceTree = "<group>"; };
/* End PBXFileReference section */

/* Begin PBXFrameworksBuildPhase section */
		F6C7627922AD8FD800A13E0E /* Frameworks */ = {
			isa = PBXFrameworksBuildPhase;
			buildActionMask = 2147483647;
			files = (
			);
			runOnlyForDeploymentPostprocessing = 0;
		};
/* End PBXFrameworksBuildPhase section */

/* Begin PBXGroup section */
		F69A3A8922B385A0003F84FA /* Show */ = {
			isa = PBXGroup;
			children = (
				F6C762A922AD90B100A13E0E /* ShowsList.swift */,
			);
			path = Show;
			sourceTree = "<group>";
		};
		F69A3A8A22B385B1003F84FA /* ShowDetail */ = {
			isa = PBXGroup;
			children = (
				F6C762B222ADE89900A13E0E /* ShowDetail.swift */,
				F6C762AB22AD90B100A13E0E /* EpisodeSummaryView.swift */,
				F6C762AA22AD90B100A13E0E /* EpisodeList.swift */,
			);
			path = ShowDetail;
			sourceTree = "<group>";
		};
		F6A186DD2314023E00CA0DBF /* Extensions */ = {
			isa = PBXGroup;
			children = (
				F6A186DE2314025900CA0DBF /* View+Additions.swift */,
			);
			path = Extensions;
			sourceTree = "<group>";
		};
		F6A186E0231404AC00CA0DBF /* Components */ = {
			isa = PBXGroup;
			children = (
				F65C148622AE2E8B000623CE /* LoadingView.swift */,
				F6A186E1231404C300CA0DBF /* CircleIconButton.swift */,
			);
			path = Components;
			sourceTree = "<group>";
		};
		F6C7627322AD8FD800A13E0E = {
			isa = PBXGroup;
			children = (
				F69A3A8422B15119003F84FA /* README.md */,
				F6C7627E22AD8FD800A13E0E /* SwiftyVistas */,
				F6C7627D22AD8FD800A13E0E /* Products */,
			);
			indentWidth = 2;
			sourceTree = "<group>";
			tabWidth = 2;
		};
		F6C7627D22AD8FD800A13E0E /* Products */ = {
			isa = PBXGroup;
			children = (
				F6C7627C22AD8FD800A13E0E /* SwiftyVistas.app */,
			);
			name = Products;
			sourceTree = "<group>";
		};
		F6C7627E22AD8FD800A13E0E /* SwiftyVistas */ = {
			isa = PBXGroup;
			children = (
				F6A186DD2314023E00CA0DBF /* Extensions */,
				F6C7629D22AD909800A13E0E /* Data */,
				F6C762A122AD909800A13E0E /* ViewModel */,
				F6C7629622AD901100A13E0E /* Model */,
				F6C7629322AD8FDE00A13E0E /* App */,
				F6C7629522AD8FF900A13E0E /* View */,
				F6C7628522AD8FD800A13E0E /* Assets.xcassets */,
				F6C7628722AD8FD900A13E0E /* Preview Content */,
			);
			path = SwiftyVistas;
			sourceTree = "<group>";
		};
		F6C7628722AD8FD900A13E0E /* Preview Content */ = {
			isa = PBXGroup;
			children = (
				F6C7628822AD8FD900A13E0E /* Preview Assets.xcassets */,
			);
			path = "Preview Content";
			sourceTree = "<group>";
		};
		F6C7629322AD8FDE00A13E0E /* App */ = {
			isa = PBXGroup;
			children = (
				F6C7627F22AD8FD800A13E0E /* AppDelegate.swift */,
				F6C7628122AD8FD800A13E0E /* SceneDelegate.swift */,
				F6C7628A22AD8FD900A13E0E /* LaunchScreen.storyboard */,
				F6C7628D22AD8FD900A13E0E /* Info.plist */,
			);
			name = App;
			sourceTree = "<group>";
		};
		F6C7629522AD8FF900A13E0E /* View */ = {
			isa = PBXGroup;
			children = (
				F6A186E0231404AC00CA0DBF /* Components */,
				F69A3A8922B385A0003F84FA /* Show */,
				F69A3A8A22B385B1003F84FA /* ShowDetail */,
			);
			path = View;
			sourceTree = "<group>";
		};
		F6C7629622AD901100A13E0E /* Model */ = {
			isa = PBXGroup;
			children = (
				F6C7629722AD908B00A13E0E /* Episode.swift */,
				F6C7629922AD908B00A13E0E /* Show.swift */,
			);
			path = Model;
			sourceTree = "<group>";
		};
		F6C7629D22AD909800A13E0E /* Data */ = {
			isa = PBXGroup;
			children = (
				F6C7629F22AD909800A13E0E /* shows.json */,
			);
			path = Data;
			sourceTree = "<group>";
		};
		F6C762A122AD909800A13E0E /* ViewModel */ = {
			isa = PBXGroup;
			children = (
				F6C762A222AD909800A13E0E /* ShowsModel.swift */,
				F6C762B422ADEADB00A13E0E /* FavoritesModel.swift */,
				F6A186E3231408B800CA0DBF /* UserDefaultPropertyWrapper.swift */,
			);
			path = ViewModel;
			sourceTree = "<group>";
		};
/* End PBXGroup section */

/* Begin PBXNativeTarget section */
		F6C7627B22AD8FD800A13E0E /* SwiftyVistas */ = {
			isa = PBXNativeTarget;
			buildConfigurationList = F6C7629022AD8FD900A13E0E /* Build configuration list for PBXNativeTarget "SwiftyVistas" */;
			buildPhases = (
				F6C7627822AD8FD800A13E0E /* Sources */,
				F6C7627922AD8FD800A13E0E /* Frameworks */,
				F6C7627A22AD8FD800A13E0E /* Resources */,
			);
			buildRules = (
			);
			dependencies = (
			);
			name = SwiftyVistas;
			productName = SwiftyVistas;
			productReference = F6C7627C22AD8FD800A13E0E /* SwiftyVistas.app */;
			productType = "com.apple.product-type.application";
		};
/* End PBXNativeTarget section */

/* Begin PBXProject section */
		F6C7627422AD8FD800A13E0E /* Project object */ = {
			isa = PBXProject;
			attributes = {
				LastSwiftUpdateCheck = 1100;
				LastUpgradeCheck = 1100;
				ORGANIZATIONNAME = "Tobias Löfstrand";
				TargetAttributes = {
					F6C7627B22AD8FD800A13E0E = {
						CreatedOnToolsVersion = 11.0;
					};
				};
			};
			buildConfigurationList = F6C7627722AD8FD800A13E0E /* Build configuration list for PBXProject "SwiftyVistas" */;
			compatibilityVersion = "Xcode 9.3";
			developmentRegion = en;
			hasScannedForEncodings = 0;
			knownRegions = (
				en,
				Base,
			);
			mainGroup = F6C7627322AD8FD800A13E0E;
			productRefGroup = F6C7627D22AD8FD800A13E0E /* Products */;
			projectDirPath = "";
			projectRoot = "";
			targets = (
				F6C7627B22AD8FD800A13E0E /* SwiftyVistas */,
			);
		};
/* End PBXProject section */

/* Begin PBXResourcesBuildPhase section */
		F6C7627A22AD8FD800A13E0E /* Resources */ = {
			isa = PBXResourcesBuildPhase;
			buildActionMask = 2147483647;
			files = (
				F6C762A522AD909900A13E0E /* shows.json in Resources */,
				F6C7628C22AD8FD900A13E0E /* LaunchScreen.storyboard in Resources */,
				F6C7628922AD8FD900A13E0E /* Preview Assets.xcassets in Resources */,
				F6C7628622AD8FD800A13E0E /* Assets.xcassets in Resources */,
			);
			runOnlyForDeploymentPostprocessing = 0;
		};
/* End PBXResourcesBuildPhase section */

/* Begin PBXSourcesBuildPhase section */
		F6C7627822AD8FD800A13E0E /* Sources */ = {
			isa = PBXSourcesBuildPhase;
			buildActionMask = 2147483647;
			files = (
				F6C762AC22AD90B200A13E0E /* ShowsList.swift in Sources */,
				F6C7629C22AD908C00A13E0E /* Show.swift in Sources */,
				F6A186E4231408B800CA0DBF /* UserDefaultPropertyWrapper.swift in Sources */,
				F6C762AE22AD90B200A13E0E /* EpisodeSummaryView.swift in Sources */,
				F6C7628022AD8FD800A13E0E /* AppDelegate.swift in Sources */,
				F6A186E2231404C300CA0DBF /* CircleIconButton.swift in Sources */,
				F6C7629A22AD908C00A13E0E /* Episode.swift in Sources */,
				F6C762B322ADE89900A13E0E /* ShowDetail.swift in Sources */,
				F6C7628222AD8FD800A13E0E /* SceneDelegate.swift in Sources */,
				F6C762A722AD909900A13E0E /* ShowsModel.swift in Sources */,
				F6A186DF2314025900CA0DBF /* View+Additions.swift in Sources */,
				F6C762AD22AD90B200A13E0E /* EpisodeList.swift in Sources */,
				F65C148722AE2E8B000623CE /* LoadingView.swift in Sources */,
				F6C762B522ADEADB00A13E0E /* FavoritesModel.swift in Sources */,
			);
			runOnlyForDeploymentPostprocessing = 0;
		};
/* End PBXSourcesBuildPhase section */

/* Begin PBXVariantGroup section */
		F6C7628A22AD8FD900A13E0E /* LaunchScreen.storyboard */ = {
			isa = PBXVariantGroup;
			children = (
				F6C7628B22AD8FD900A13E0E /* Base */,
			);
			name = LaunchScreen.storyboard;
			sourceTree = "<group>";
		};
/* End PBXVariantGroup section */

/* Begin XCBuildConfiguration section */
		F6C7628E22AD8FD900A13E0E /* Debug */ = {
			isa = XCBuildConfiguration;
			buildSettings = {
				ALWAYS_SEARCH_USER_PATHS = NO;
				CLANG_ANALYZER_NONNULL = YES;
				CLANG_ANALYZER_NUMBER_OBJECT_CONVERSION = YES_AGGRESSIVE;
				CLANG_CXX_LANGUAGE_STANDARD = "gnu++14";
				CLANG_CXX_LIBRARY = "libc++";
				CLANG_ENABLE_MODULES = YES;
				CLANG_ENABLE_OBJC_ARC = YES;
				CLANG_ENABLE_OBJC_WEAK = YES;
				CLANG_WARN_BLOCK_CAPTURE_AUTORELEASING = YES;
				CLANG_WARN_BOOL_CONVERSION = YES;
				CLANG_WARN_COMMA = YES;
				CLANG_WARN_CONSTANT_CONVERSION = YES;
				CLANG_WARN_DEPRECATED_OBJC_IMPLEMENTATIONS = YES;
				CLANG_WARN_DIRECT_OBJC_ISA_USAGE = YES_ERROR;
				CLANG_WARN_DOCUMENTATION_COMMENTS = YES;
				CLANG_WARN_EMPTY_BODY = YES;
				CLANG_WARN_ENUM_CONVERSION = YES;
				CLANG_WARN_INFINITE_RECURSION = YES;
				CLANG_WARN_INT_CONVERSION = YES;
				CLANG_WARN_NON_LITERAL_NULL_CONVERSION = YES;
				CLANG_WARN_OBJC_IMPLICIT_RETAIN_SELF = YES;
				CLANG_WARN_OBJC_LITERAL_CONVERSION = YES;
				CLANG_WARN_OBJC_ROOT_CLASS = YES_ERROR;
				CLANG_WARN_RANGE_LOOP_ANALYSIS = YES;
				CLANG_WARN_STRICT_PROTOTYPES = YES;
				CLANG_WARN_SUSPICIOUS_MOVE = YES;
				CLANG_WARN_UNGUARDED_AVAILABILITY = YES_AGGRESSIVE;
				CLANG_WARN_UNREACHABLE_CODE = YES;
				CLANG_WARN__DUPLICATE_METHOD_MATCH = YES;
				COPY_PHASE_STRIP = NO;
				DEBUG_INFORMATION_FORMAT = dwarf;
				ENABLE_STRICT_OBJC_MSGSEND = YES;
				ENABLE_TESTABILITY = YES;
				GCC_C_LANGUAGE_STANDARD = gnu11;
				GCC_DYNAMIC_NO_PIC = NO;
				GCC_NO_COMMON_BLOCKS = YES;
				GCC_OPTIMIZATION_LEVEL = 0;
				GCC_PREPROCESSOR_DEFINITIONS = (
					"DEBUG=1",
					"$(inherited)",
				);
				GCC_WARN_64_TO_32_BIT_CONVERSION = YES;
				GCC_WARN_ABOUT_RETURN_TYPE = YES_ERROR;
				GCC_WARN_UNDECLARED_SELECTOR = YES;
				GCC_WARN_UNINITIALIZED_AUTOS = YES_AGGRESSIVE;
				GCC_WARN_UNUSED_FUNCTION = YES;
				GCC_WARN_UNUSED_VARIABLE = YES;
				IPHONEOS_DEPLOYMENT_TARGET = 13.0;
				MTL_ENABLE_DEBUG_INFO = INCLUDE_SOURCE;
				MTL_FAST_MATH = YES;
				ONLY_ACTIVE_ARCH = YES;
				SDKROOT = iphoneos;
				SWIFT_ACTIVE_COMPILATION_CONDITIONS = DEBUG;
				SWIFT_OPTIMIZATION_LEVEL = "-Onone";
			};
			name = Debug;
		};
		F6C7628F22AD8FD900A13E0E /* Release */ = {
			isa = XCBuildConfiguration;
			buildSettings = {
				ALWAYS_SEARCH_USER_PATHS = NO;
				CLANG_ANALYZER_NONNULL = YES;
				CLANG_ANALYZER_NUMBER_OBJECT_CONVERSION = YES_AGGRESSIVE;
				CLANG_CXX_LANGUAGE_STANDARD = "gnu++14";
				CLANG_CXX_LIBRARY = "libc++";
				CLANG_ENABLE_MODULES = YES;
				CLANG_ENABLE_OBJC_ARC = YES;
				CLANG_ENABLE_OBJC_WEAK = YES;
				CLANG_WARN_BLOCK_CAPTURE_AUTORELEASING = YES;
				CLANG_WARN_BOOL_CONVERSION = YES;
				CLANG_WARN_COMMA = YES;
				CLANG_WARN_CONSTANT_CONVERSION = YES;
				CLANG_WARN_DEPRECATED_OBJC_IMPLEMENTATIONS = YES;
				CLANG_WARN_DIRECT_OBJC_ISA_USAGE = YES_ERROR;
				CLANG_WARN_DOCUMENTATION_COMMENTS = YES;
				CLANG_WARN_EMPTY_BODY = YES;
				CLANG_WARN_ENUM_CONVERSION = YES;
				CLANG_WARN_INFINITE_RECURSION = YES;
				CLANG_WARN_INT_CONVERSION = YES;
				CLANG_WARN_NON_LITERAL_NULL_CONVERSION = YES;
				CLANG_WARN_OBJC_IMPLICIT_RETAIN_SELF = YES;
				CLANG_WARN_OBJC_LITERAL_CONVERSION = YES;
				CLANG_WARN_OBJC_ROOT_CLASS = YES_ERROR;
				CLANG_WARN_RANGE_LOOP_ANALYSIS = YES;
				CLANG_WARN_STRICT_PROTOTYPES = YES;
				CLANG_WARN_SUSPICIOUS_MOVE = YES;
				CLANG_WARN_UNGUARDED_AVAILABILITY = YES_AGGRESSIVE;
				CLANG_WARN_UNREACHABLE_CODE = YES;
				CLANG_WARN__DUPLICATE_METHOD_MATCH = YES;
				COPY_PHASE_STRIP = NO;
				DEBUG_INFORMATION_FORMAT = "dwarf-with-dsym";
				ENABLE_NS_ASSERTIONS = NO;
				ENABLE_STRICT_OBJC_MSGSEND = YES;
				GCC_C_LANGUAGE_STANDARD = gnu11;
				GCC_NO_COMMON_BLOCKS = YES;
				GCC_WARN_64_TO_32_BIT_CONVERSION = YES;
				GCC_WARN_ABOUT_RETURN_TYPE = YES_ERROR;
				GCC_WARN_UNDECLARED_SELECTOR = YES;
				GCC_WARN_UNINITIALIZED_AUTOS = YES_AGGRESSIVE;
				GCC_WARN_UNUSED_FUNCTION = YES;
				GCC_WARN_UNUSED_VARIABLE = YES;
				IPHONEOS_DEPLOYMENT_TARGET = 13.0;
				MTL_ENABLE_DEBUG_INFO = NO;
				MTL_FAST_MATH = YES;
				SDKROOT = iphoneos;
				SWIFT_COMPILATION_MODE = wholemodule;
				SWIFT_OPTIMIZATION_LEVEL = "-O";
				VALIDATE_PRODUCT = YES;
			};
			name = Release;
		};
		F6C7629122AD8FD900A13E0E /* Debug */ = {
			isa = XCBuildConfiguration;
			buildSettings = {
				ASSETCATALOG_COMPILER_APPICON_NAME = AppIcon;
				CODE_SIGN_STYLE = Automatic;
				DEVELOPMENT_ASSET_PATHS = "SwiftyVistas/Preview\\ Content";
				DEVELOPMENT_TEAM = 94MKPE75NK;
				ENABLE_PREVIEWS = YES;
				INFOPLIST_FILE = SwiftyVistas/Info.plist;
				LD_RUNPATH_SEARCH_PATHS = (
					"$(inherited)",
					"@executable_path/Frameworks",
				);
				PRODUCT_BUNDLE_IDENTIFIER = se.leafnode.SwiftyVistas;
				PRODUCT_NAME = "$(TARGET_NAME)";
				SWIFT_VERSION = 5.0;
				TARGETED_DEVICE_FAMILY = 1;
			};
			name = Debug;
		};
		F6C7629222AD8FD900A13E0E /* Release */ = {
			isa = XCBuildConfiguration;
			buildSettings = {
				ASSETCATALOG_COMPILER_APPICON_NAME = AppIcon;
				CODE_SIGN_STYLE = Automatic;
				DEVELOPMENT_ASSET_PATHS = "SwiftyVistas/Preview\\ Content";
				DEVELOPMENT_TEAM = 94MKPE75NK;
				ENABLE_PREVIEWS = YES;
				INFOPLIST_FILE = SwiftyVistas/Info.plist;
				LD_RUNPATH_SEARCH_PATHS = (
					"$(inherited)",
					"@executable_path/Frameworks",
				);
				PRODUCT_BUNDLE_IDENTIFIER = se.leafnode.SwiftyVistas;
				PRODUCT_NAME = "$(TARGET_NAME)";
				SWIFT_VERSION = 5.0;
				TARGETED_DEVICE_FAMILY = 1;
			};
			name = Release;
		};
/* End XCBuildConfiguration section */

/* Begin XCConfigurationList section */
		F6C7627722AD8FD800A13E0E /* Build configuration list for PBXProject "SwiftyVistas" */ = {
			isa = XCConfigurationList;
			buildConfigurations = (
				F6C7628E22AD8FD900A13E0E /* Debug */,
				F6C7628F22AD8FD900A13E0E /* Release */,
			);
			defaultConfigurationIsVisible = 0;
			defaultConfigurationName = Release;
		};
		F6C7629022AD8FD900A13E0E /* Build configuration list for PBXNativeTarget "SwiftyVistas" */ = {
			isa = XCConfigurationList;
			buildConfigurations = (
				F6C7629122AD8FD900A13E0E /* Debug */,
				F6C7629222AD8FD900A13E0E /* Release */,
			);
			defaultConfigurationIsVisible = 0;
			defaultConfigurationName = Release;
		};
/* End XCConfigurationList section */
	};
	rootObject = F6C7627422AD8FD800A13E0E /* Project object */;
}
