// !$*UTF8*$!
{
	archiveVersion = 1;
	classes = {
	};
	objectVersion = 50;
	objects = {

/* Begin PBXBuildFile section */
		F6C7628022AD8FD800A13E0E /* AppDelegate.swift in Sources */ = {isa = PBXBuildFile; fileRef = F6C7627F22AD8FD800A13E0E /* AppDelegate.swift */; };
		F6C7628222AD8FD800A13E0E /* SceneDelegate.swift in Sources */ = {isa = PBXBuildFile; fileRef = F6C7628122AD8FD800A13E0E /* SceneDelegate.swift */; };
		F6C7628422AD8FD800A13E0E /* ContentView.swift in Sources */ = {isa = PBXBuildFile; fileRef = F6C7628322AD8FD800A13E0E /* ContentView.swift */; };
		F6C7628622AD8FD800A13E0E /* Assets.xcassets in Resources */ = {isa = PBXBuildFile; fileRef = F6C7628522AD8FD800A13E0E /* Assets.xcassets */; };
		F6C7628922AD8FD900A13E0E /* Preview Assets.xcassets in Resources */ = {isa = PBXBuildFile; fileRef = F6C7628822AD8FD900A13E0E /* Preview Assets.xcassets */; };
		F6C7628C22AD8FD900A13E0E /* LaunchScreen.storyboard in Resources */ = {isa = PBXBuildFile; fileRef = F6C7628A22AD8FD900A13E0E /* LaunchScreen.storyboard */; };
/* End PBXBuildFile section */

/* Begin PBXFileReference section */
		F6C7627C22AD8FD800A13E0E /* SwiftyVistas.app */ = {isa = PBXFileReference; explicitFileType = wrapper.application; includeInIndex = 0; path = SwiftyVistas.app; sourceTree = BUILT_PRODUCTS_DIR; };
		F6C7627F22AD8FD800A13E0E /* AppDelegate.swift */ = {isa = PBXFileReference; lastKnownFileType = sourcecode.swift; path = AppDelegate.swift; sourceTree = "<group>"; };
		F6C7628122AD8FD800A13E0E /* SceneDelegate.swift */ = {isa = PBXFileReference; lastKnownFileType = sourcecode.swift; path = SceneDelegate.swift; sourceTree = "<group>"; };
		F6C7628322AD8FD800A13E0E /* ContentView.swift */ = {isa = PBXFileReference; lastKnownFileType = sourcecode.swift; path = ContentView.swift; sourceTree = "<group>"; };
		F6C7628522AD8FD800A13E0E /* Assets.xcassets */ = {isa = PBXFileReference; lastKnownFileType = folder.assetcatalog; path = Assets.xcassets; sourceTree = "<group>"; };
		F6C7628822AD8FD900A13E0E /* Preview Assets.xcassets */ = {isa = PBXFileReference; lastKnownFileType = folder.assetcatalog; path = "Preview Assets.xcassets"; sourceTree = "<group>"; };
		F6C7628B22AD8FD900A13E0E /* Base */ = {isa = PBXFileReference; lastKnownFileType = file.storyboard; name = Base; path = Base.lproj/LaunchScreen.storyboard; sourceTree = "<group>"; };
		F6C7628D22AD8FD900A13E0E /* Info.plist */ = {isa = PBXFileReference; lastKnownFileType = text.plist.xml; path = Info.plist; sourceTree = "<group>"; };
/* End PBXFileReference section */

/* Begin PBXFrameworksBuildPhase section */
		F6C7627922AD8FD800A13E0E /* Frameworks */ = {
			isa = PBXFrameworksBuildPhase;
			buildActionMask = 2147483647;
			files = (
			);
			runOnlyForDeploymentPostprocessing = 0;
		};
/* End PBXFrameworksBuildPhase section */

/* Begin PBXGroup section */
		F6C7627322AD8FD800A13E0E = {
			isa = PBXGroup;
			children = (
				F6C7627E22AD8FD800A13E0E /* SwiftyVistas */,
				F6C7627D22AD8FD800A13E0E /* Products */,
			);
			sourceTree = "<group>";
		};
		F6C7627D22AD8FD800A13E0E /* Products */ = {
			isa = PBXGroup;
			children = (
				F6C7627C22AD8FD800A13E0E /* SwiftyVistas.app */,
			);
			name = Products;
			sourceTree = "<group>";
		};
		F6C7627E22AD8FD800A13E0E /* SwiftyVistas */ = {
			isa = PBXGroup;
			children = (
				F6C7627F22AD8FD800A13E0E /* AppDelegate.swift */,
				F6C7628122AD8FD800A13E0E /* SceneDelegate.swift */,
				F6C7628322AD8FD800A13E0E /* ContentView.swift */,
				F6C7628522AD8FD800A13E0E /* Assets.xcassets */,
				F6C7628A22AD8FD900A13E0E /* LaunchScreen.storyboard */,
				F6C7628D22AD8FD900A13E0E /* Info.plist */,
				F6C7628722AD8FD900A13E0E /* Preview Content */,
			);
			path = SwiftyVistas;
			sourceTree = "<group>";
		};
		F6C7628722AD8FD900A13E0E /* Preview Content */ = {
			isa = PBXGroup;
			children = (
				F6C7628822AD8FD900A13E0E /* Preview Assets.xcassets */,
			);
			path = "Preview Content";
			sourceTree = "<group>";
		};
/* End PBXGroup section */

/* Begin PBXNativeTarget section */
		F6C7627B22AD8FD800A13E0E /* SwiftyVistas */ = {
			isa = PBXNativeTarget;
			buildConfigurationList = F6C7629022AD8FD900A13E0E /* Build configuration list for PBXNativeTarget "SwiftyVistas" */;
			buildPhases = (
				F6C7627822AD8FD800A13E0E /* Sources */,
				F6C7627922AD8FD800A13E0E /* Frameworks */,
				F6C7627A22AD8FD800A13E0E /* Resources */,
			);
			buildRules = (
			);
			dependencies = (
			);
			name = SwiftyVistas;
			productName = SwiftyVistas;
			productReference = F6C7627C22AD8FD800A13E0E /* SwiftyVistas.app */;
			productType = "com.apple.product-type.application";
		};
/* End PBXNativeTarget section */

/* Begin PBXProject section */
		F6C7627422AD8FD800A13E0E /* Project object */ = {
			isa = PBXProject;
			attributes = {
				LastSwiftUpdateCheck = 1100;
				LastUpgradeCheck = 1100;
				ORGANIZATIONNAME = "Tobias Löfstrand";
				TargetAttributes = {
					F6C7627B22AD8FD800A13E0E = {
						CreatedOnToolsVersion = 11.0;
					};
				};
			};
			buildConfigurationList = F6C7627722AD8FD800A13E0E /* Build configuration list for PBXProject "SwiftyVistas" */;
			compatibilityVersion = "Xcode 9.3";
			developmentRegion = en;
			hasScannedForEncodings = 0;
			knownRegions = (
				en,
				Base,
			);
			mainGroup = F6C7627322AD8FD800A13E0E;
			productRefGroup = F6C7627D22AD8FD800A13E0E /* Products */;
			projectDirPath = "";
			projectRoot = "";
			targets = (
				F6C7627B22AD8FD800A13E0E /* SwiftyVistas */,
			);
		};
/* End PBXProject section */

/* Begin PBXResourcesBuildPhase section */
		F6C7627A22AD8FD800A13E0E /* Resources */ = {
			isa = PBXResourcesBuildPhase;
			buildActionMask = 2147483647;
			files = (
				F6C7628C22AD8FD900A13E0E /* LaunchScreen.storyboard in Resources */,
				F6C7628922AD8FD900A13E0E /* Preview Assets.xcassets in Resources */,
				F6C7628622AD8FD800A13E0E /* Assets.xcassets in Resources */,
			);
			runOnlyForDeploymentPostprocessing = 0;
		};
/* End PBXResourcesBuildPhase section */

/* Begin PBXSourcesBuildPhase section */
		F6C7627822AD8FD800A13E0E /* Sources */ = {
			isa = PBXSourcesBuildPhase;
			buildActionMask = 2147483647;
			files = (
				F6C7628022AD8FD800A13E0E /* AppDelegate.swift in Sources */,
				F6C7628222AD8FD800A13E0E /* SceneDelegate.swift in Sources */,
				F6C7628422AD8FD800A13E0E /* ContentView.swift in Sources */,
			);
			runOnlyForDeploymentPostprocessing = 0;
		};
/* End PBXSourcesBuildPhase section */

/* Begin PBXVariantGroup section */
		F6C7628A22AD8FD900A13E0E /* LaunchScreen.storyboard */ = {
			isa = PBXVariantGroup;
			children = (
				F6C7628B22AD8FD900A13E0E /* Base */,
			);
			name = LaunchScreen.storyboard;
			sourceTree = "<group>";
		};
/* End PBXVariantGroup section */

/* Begin XCBuildConfiguration section */
		F6C7628E22AD8FD900A13E0E /* Debug */ = {
			isa = XCBuildConfiguration;
			buildSettings = {
				ALWAYS_SEARCH_USER_PATHS = NO;
				CLANG_ANALYZER_NONNULL = YES;
				CLANG_ANALYZER_NUMBER_OBJECT_CONVERSION = YES_AGGRESSIVE;
				CLANG_CXX_LANGUAGE_STANDARD = "gnu++14";
				CLANG_CXX_LIBRARY = "libc++";
				CLANG_ENABLE_MODULES = YES;
				CLANG_ENABLE_OBJC_ARC = YES;
				CLANG_ENABLE_OBJC_WEAK = YES;
				CLANG_WARN_BLOCK_CAPTURE_AUTORELEASING = YES;
				CLANG_WARN_BOOL_CONVERSION = YES;
				CLANG_WARN_COMMA = YES;
				CLANG_WARN_CONSTANT_CONVERSION = YES;
				CLANG_WARN_DEPRECATED_OBJC_IMPLEMENTATIONS = YES;
				CLANG_WARN_DIRECT_OBJC_ISA_USAGE = YES_ERROR;
				CLANG_WARN_DOCUMENTATION_COMMENTS = YES;
				CLANG_WARN_EMPTY_BODY = YES;
				CLANG_WARN_ENUM_CONVERSION = YES;
				CLANG_WARN_INFINITE_RECURSION = YES;
				CLANG_WARN_INT_CONVERSION = YES;
				CLANG_WARN_NON_LITERAL_NULL_CONVERSION = YES;
				CLANG_WARN_OBJC_IMPLICIT_RETAIN_SELF = YES;
				CLANG_WARN_OBJC_LITERAL_CONVERSION = YES;
				CLANG_WARN_OBJC_ROOT_CLASS = YES_ERROR;
				CLANG_WARN_RANGE_LOOP_ANALYSIS = YES;
				CLANG_WARN_STRICT_PROTOTYPES = YES;
				CLANG_WARN_SUSPICIOUS_MOVE = YES;
				CLANG_WARN_UNGUARDED_AVAILABILITY = YES_AGGRESSIVE;
				CLANG_WARN_UNREACHABLE_CODE = YES;
				CLANG_WARN__DUPLICATE_METHOD_MATCH = YES;
				COPY_PHASE_STRIP = NO;
				DEBUG_INFORMATION_FORMAT = dwarf;
				ENABLE_STRICT_OBJC_MSGSEND = YES;
				ENABLE_TESTABILITY = YES;
				GCC_C_LANGUAGE_STANDARD = gnu11;
				GCC_DYNAMIC_NO_PIC = NO;
				GCC_NO_COMMON_BLOCKS = YES;
				GCC_OPTIMIZATION_LEVEL = 0;
				GCC_PREPROCESSOR_DEFINITIONS = (
					"DEBUG=1",
					"$(inherited)",
				);
				GCC_WARN_64_TO_32_BIT_CONVERSION = YES;
				GCC_WARN_ABOUT_RETURN_TYPE = YES_ERROR;
				GCC_WARN_UNDECLARED_SELECTOR = YES;
				GCC_WARN_UNINITIALIZED_AUTOS = YES_AGGRESSIVE;
				GCC_WARN_UNUSED_FUNCTION = YES;
				GCC_WARN_UNUSED_VARIABLE = YES;
				IPHONEOS_DEPLOYMENT_TARGET = 13.0;
				MTL_ENABLE_DEBUG_INFO = INCLUDE_SOURCE;
				MTL_FAST_MATH = YES;
				ONLY_ACTIVE_ARCH = YES;
				SDKROOT = iphoneos;
				SWIFT_ACTIVE_COMPILATION_CONDITIONS = DEBUG;
				SWIFT_OPTIMIZATION_LEVEL = "-Onone";
			};
			name = Debug;
		};
		F6C7628F22AD8FD900A13E0E /* Release */ = {
			isa = XCBuildConfiguration;
			buildSettings = {
				ALWAYS_SEARCH_USER_PATHS = NO;
				CLANG_ANALYZER_NONNULL = YES;
				CLANG_ANALYZER_NUMBER_OBJECT_CONVERSION = YES_AGGRESSIVE;
				CLANG_CXX_LANGUAGE_STANDARD = "gnu++14";
				CLANG_CXX_LIBRARY = "libc++";
				CLANG_ENABLE_MODULES = YES;
				CLANG_ENABLE_OBJC_ARC = YES;
				CLANG_ENABLE_OBJC_WEAK = YES;
				CLANG_WARN_BLOCK_CAPTURE_AUTORELEASING = YES;
				CLANG_WARN_BOOL_CONVERSION = YES;
				CLANG_WARN_COMMA = YES;
				CLANG_WARN_CONSTANT_CONVERSION = YES;
				CLANG_WARN_DEPRECATED_OBJC_IMPLEMENTATIONS = YES;
				CLANG_WARN_DIRECT_OBJC_ISA_USAGE = YES_ERROR;
				CLANG_WARN_DOCUMENTATION_COMMENTS = YES;
				CLANG_WARN_EMPTY_BODY = YES;
				CLANG_WARN_ENUM_CONVERSION = YES;
				CLANG_WARN_INFINITE_RECURSION = YES;
				CLANG_WARN_INT_CONVERSION = YES;
				CLANG_WARN_NON_LITERAL_NULL_CONVERSION = YES;
				CLANG_WARN_OBJC_IMPLICIT_RETAIN_SELF = YES;
				CLANG_WARN_OBJC_LITERAL_CONVERSION = YES;
				CLANG_WARN_OBJC_ROOT_CLASS = YES_ERROR;
				CLANG_WARN_RANGE_LOOP_ANALYSIS = YES;
				CLANG_WARN_STRICT_PROTOTYPES = YES;
				CLANG_WARN_SUSPICIOUS_MOVE = YES;
				CLANG_WARN_UNGUARDED_AVAILABILITY = YES_AGGRESSIVE;
				CLANG_WARN_UNREACHABLE_CODE = YES;
				CLANG_WARN__DUPLICATE_METHOD_MATCH = YES;
				COPY_PHASE_STRIP = NO;
				DEBUG_INFORMATION_FORMAT = "dwarf-with-dsym";
				ENABLE_NS_ASSERTIONS = NO;
				ENABLE_STRICT_OBJC_MSGSEND = YES;
				GCC_C_LANGUAGE_STANDARD = gnu11;
				GCC_NO_COMMON_BLOCKS = YES;
				GCC_WARN_64_TO_32_BIT_CONVERSION = YES;
				GCC_WARN_ABOUT_RETURN_TYPE = YES_ERROR;
				GCC_WARN_UNDECLARED_SELECTOR = YES;
				GCC_WARN_UNINITIALIZED_AUTOS = YES_AGGRESSIVE;
				GCC_WARN_UNUSED_FUNCTION = YES;
				GCC_WARN_UNUSED_VARIABLE = YES;
				IPHONEOS_DEPLOYMENT_TARGET = 13.0;
				MTL_ENABLE_DEBUG_INFO = NO;
				MTL_FAST_MATH = YES;
				SDKROOT = iphoneos;
				SWIFT_COMPILATION_MODE = wholemodule;
				SWIFT_OPTIMIZATION_LEVEL = "-O";
				VALIDATE_PRODUCT = YES;
			};
			name = Release;
		};
		F6C7629122AD8FD900A13E0E /* Debug */ = {
			isa = XCBuildConfiguration;
			buildSettings = {
				ASSETCATALOG_COMPILER_APPICON_NAME = AppIcon;
				CODE_SIGN_STYLE = Automatic;
				DEVELOPMENT_ASSET_PATHS = "SwiftyVistas/Preview\\ Content";
				DEVELOPMENT_TEAM = 94MKPE75NK;
				ENABLE_PREVIEWS = YES;
				INFOPLIST_FILE = SwiftyVistas/Info.plist;
				LD_RUNPATH_SEARCH_PATHS = (
					"$(inherited)",
					"@executable_path/Frameworks",
				);
				PRODUCT_BUNDLE_IDENTIFIER = se.leafnode.SwiftyVistas;
				PRODUCT_NAME = "$(TARGET_NAME)";
				SWIFT_VERSION = 5.0;
				TARGETED_DEVICE_FAMILY = "1,2";
			};
			name = Debug;
		};
		F6C7629222AD8FD900A13E0E /* Release */ = {
			isa = XCBuildConfiguration;
			buildSettings = {
				ASSETCATALOG_COMPILER_APPICON_NAME = AppIcon;
				CODE_SIGN_STYLE = Automatic;
				DEVELOPMENT_ASSET_PATHS = "SwiftyVistas/Preview\\ Content";
				DEVELOPMENT_TEAM = 94MKPE75NK;
				ENABLE_PREVIEWS = YES;
				INFOPLIST_FILE = SwiftyVistas/Info.plist;
				LD_RUNPATH_SEARCH_PATHS = (
					"$(inherited)",
					"@executable_path/Frameworks",
				);
				PRODUCT_BUNDLE_IDENTIFIER = se.leafnode.SwiftyVistas;
				PRODUCT_NAME = "$(TARGET_NAME)";
				SWIFT_VERSION = 5.0;
				TARGETED_DEVICE_FAMILY = "1,2";
			};
			name = Release;
		};
/* End XCBuildConfiguration section */

/* Begin XCConfigurationList section */
		F6C7627722AD8FD800A13E0E /* Build configuration list for PBXProject "SwiftyVistas" */ = {
			isa = XCConfigurationList;
			buildConfigurations = (
				F6C7628E22AD8FD900A13E0E /* Debug */,
				F6C7628F22AD8FD900A13E0E /* Release */,
			);
			defaultConfigurationIsVisible = 0;
			defaultConfigurationName = Release;
		};
		F6C7629022AD8FD900A13E0E /* Build configuration list for PBXNativeTarget "SwiftyVistas" */ = {
			isa = XCConfigurationList;
			buildConfigurations = (
				F6C7629122AD8FD900A13E0E /* Debug */,
				F6C7629222AD8FD900A13E0E /* Release */,
			);
			defaultConfigurationIsVisible = 0;
			defaultConfigurationName = Release;
		};
/* End XCConfigurationList section */
	};
	rootObject = F6C7627422AD8FD800A13E0E /* Project object */;
}
